
Microsoft Visual Studio Solution File, Format Version 12.00
# Visual Studio Version 16
VisualStudioVersion = 16.0.35931.194
MinimumVisualStudioVersion = 10.0.40219.1
Project("{FAE04EC0-301F-11D3-BF4B-00C04F79EFBC}") = "WebApp-TP-7", "WebApp-TP-7\WebApp-TP-7.csproj", "{2E0D7106-28F8-4CA8-AF98-654731413075}"
EndProject
Global
	GlobalSection(SolutionConfigurationPlatforms) = preSolution
		Debug|Any CPU = Debug|Any CPU
		Release|Any CPU = Release|Any CPU
	EndGlobalSection
	GlobalSection(ProjectConfigurationPlatforms) = postSolution
		{2E0D7106-28F8-4CA8-AF98-654731413075}.Debug|Any CPU.ActiveCfg = Debug|Any CPU
		{2E0D7106-28F8-4CA8-AF98-654731413075}.Debug|Any CPU.Build.0 = Debug|Any CPU
		{2E0D7106-28F8-4CA8-AF98-654731413075}.Release|Any CPU.ActiveCfg = Release|Any CPU
		{2E0D7106-28F8-4CA8-AF98-654731413075}.Release|Any CPU.Build.0 = Release|Any CPU
	EndGlobalSection
	GlobalSection(SolutionProperties) = preSolution
		HideSolutionNode = FALSE
	EndGlobalSection
	GlobalSection(ExtensibilityGlobals) = postSolution
		SolutionGuid = {74077F80-EFE0-4020-B6B3-7A12A5852120}
	EndGlobalSection
EndGlobal
